
Microsoft Visual Studio Solution File, Format Version 12.00
# Visual Studio Version 17
VisualStudioVersion = 17.8.34330.188
MinimumVisualStudioVersion = 10.0.40219.1
Project("{FAE04EC0-301F-11D3-BF4B-00C04F79EFBC}") = "QL_BenhVien", "QL_BenhVien.csproj", "{8F6F38B9-4649-4750-AFBF-D238512D3ACB}"
EndProject
Project("{54435603-DBB4-11D2-8724-00A0C9A8B90C}") = "qlbv", "..\qlbv\qlbv.vdproj", "{5E66F8F8-F62E-4C7B-B220-90DA19492F47}"
EndProject
Global
	GlobalSection(SolutionConfigurationPlatforms) = preSolution
		Debug|Any CPU = Debug|Any CPU
		Release|Any CPU = Release|Any CPU
	EndGlobalSection
	GlobalSection(ProjectConfigurationPlatforms) = postSolution
		{8F6F38B9-4649-4750-AFBF-D238512D3ACB}.Debug|Any CPU.ActiveCfg = Debug|Any CPU
		{8F6F38B9-4649-4750-AFBF-D238512D3ACB}.Debug|Any CPU.Build.0 = Debug|Any CPU
		{8F6F38B9-4649-4750-AFBF-D238512D3ACB}.Release|Any CPU.ActiveCfg = Release|Any CPU
		{8F6F38B9-4649-4750-AFBF-D238512D3ACB}.Release|Any CPU.Build.0 = Release|Any CPU
		{5E66F8F8-F62E-4C7B-B220-90DA19492F47}.Debug|Any CPU.ActiveCfg = Debug
		{5E66F8F8-F62E-4C7B-B220-90DA19492F47}.Release|Any CPU.ActiveCfg = Release
	EndGlobalSection
	GlobalSection(SolutionProperties) = preSolution
		HideSolutionNode = FALSE
	EndGlobalSection
	GlobalSection(ExtensibilityGlobals) = postSolution
		SolutionGuid = {5A8DB63C-8DCF-4DA8-9513-E25CDF047117}
	EndGlobalSection
EndGlobal
